
Microsoft Visual Studio Solution File, Format Version 12.00
# Visual Studio Version 17
VisualStudioVersion = 17.7.34031.279
MinimumVisualStudioVersion = 10.0.40219.1
Project("{FAE04EC0-301F-11D3-BF4B-00C04F79EFBC}") = "LoginBD", "LoginBD.csproj", "{C83E9E93-B923-4F67-BFD4-43218CFA09A8}"
EndProject
Global
	GlobalSection(SolutionConfigurationPlatforms) = preSolution
		Debug|Any CPU = Debug|Any CPU
		Release|Any CPU = Release|Any CPU
	EndGlobalSection
	GlobalSection(ProjectConfigurationPlatforms) = postSolution
		{C83E9E93-B923-4F67-BFD4-43218CFA09A8}.Debug|Any CPU.ActiveCfg = Debug|Any CPU
		{C83E9E93-B923-4F67-BFD4-43218CFA09A8}.Debug|Any CPU.Build.0 = Debug|Any CPU
		{C83E9E93-B923-4F67-BFD4-43218CFA09A8}.Release|Any CPU.ActiveCfg = Release|Any CPU
		{C83E9E93-B923-4F67-BFD4-43218CFA09A8}.Release|Any CPU.Build.0 = Release|Any CPU
	EndGlobalSection
	GlobalSection(SolutionProperties) = preSolution
		HideSolutionNode = FALSE
	EndGlobalSection
	GlobalSection(ExtensibilityGlobals) = postSolution
		SolutionGuid = {7E57A159-AB89-4536-ADBB-3A2B44C5353D}
	EndGlobalSection
EndGlobal
